{
  "lockfileVersion": 1,
  "configVersion": 1,
  "workspaces": {
    "": {
      "name": "final-verify",
      "dependencies": {
        "@cgasgarth/opencode-for-rust": "1.0.10",
      },
      "devDependencies": {
        "@types/bun": "latest",
      },
      "peerDependencies": {
        "typescript": "^5",
      },
    },
  },
  "packages": {
    "@cgasgarth/opencode-for-rust": ["@cgasgarth/opencode-for-rust@1.0.10", "", { "dependencies": { "@opencode-ai/plugin": "1.0.85", "web-tree-sitter": "^0.26.3" } }, "sha512-jtmPmrE3c4osW8lA91AO24gyWODum/eQyuvamjRdqVB4vThi+WDs+tTrFgKA8nTXqI0sGnU3BUyrnXllCqZ4ag=="],

    "@opencode-ai/plugin": ["@opencode-ai/plugin@1.0.85", "", { "dependencies": { "@opencode-ai/sdk": "1.0.85", "zod": "4.1.8" } }, "sha512-4uU15occ/rZALIvDk3VwKdZwUZVAcNEcBZNJQKKMX+Lp+sQ/YvHKqawwz1ktOIS2UDsCKh+gyvV8fRCuUBEdKQ=="],

    "@opencode-ai/sdk": ["@opencode-ai/sdk@1.0.85", "", {}, "sha512-7qVa7Psu7dFQBI1aMeQZXRho/6QMebHS2klNRaYO8b+n4jMUg20HEBIMFw5S1B2RF00+DFiTDxbbdByfirRNtg=="],

    "@types/bun": ["@types/bun@1.3.5", "", { "dependencies": { "bun-types": "1.3.5" } }, "sha512-RnygCqNrd3srIPEWBd5LFeUYG7plCoH2Yw9WaZGyNmdTEei+gWaHqydbaIRkIkcbXwhBT94q78QljxN0Sk838w=="],

    "@types/node": ["@types/node@25.0.3", "", { "dependencies": { "undici-types": "~7.16.0" } }, "sha512-W609buLVRVmeW693xKfzHeIV6nJGGz98uCPfeXI1ELMLXVeKYZ9m15fAMSaUPBHYLGFsVRcMmSCksQOrZV9BYA=="],

    "bun-types": ["bun-types@1.3.5", "", { "dependencies": { "@types/node": "*" } }, "sha512-inmAYe2PFLs0SUbFOWSVD24sg1jFlMPxOjOSSCYqUgn4Hsc3rDc7dFvfVYjFPNHtov6kgUeulV4SxbuIV/stPw=="],

    "typescript": ["typescript@5.9.3", "", { "bin": { "tsc": "bin/tsc", "tsserver": "bin/tsserver" } }, "sha512-jl1vZzPDinLr9eUt3J/t7V6FgNEw9QjvBPdysz9KfQDD41fQrC2Y4vKQdiaUpFT4bXlb1RHhLpp8wtm6M5TgSw=="],

    "undici-types": ["undici-types@7.16.0", "", {}, "sha512-Zz+aZWSj8LE6zoxD+xrjh4VfkIG8Ya6LvYkZqtUQGJPZjYl53ypCaUwWqo7eI0x66KBGeRo+mlBEkMSeSZ38Nw=="],

    "web-tree-sitter": ["web-tree-sitter@0.26.3", "", {}, "sha512-JIVgIKFS1w6lejxSntCtsS/QsE/ecTS00en809cMxMPxaor6MvUnQ+ovG8uTTTvQCFosSh4MeDdI5bSGw5SoBw=="],

    "zod": ["zod@4.1.8", "", {}, "sha512-5R1P+WwQqmmMIEACyzSvo4JXHY5WiAFHRMg+zBZKgKS+Q1viRa0C1hmUKtHltoIFKtIdki3pRxkmpP74jnNYHQ=="],
  }
}
